// !$*UTF8*$!
{
	archiveVersion = 1;
	classes = {
	};
	objectVersion = 77;
	objects = {

/* Begin PBXBuildFile section */
		18234CCB2F4645DB00C0A12D /* FactoryKit in Frameworks */ = {isa = PBXBuildFile; productRef = 18234CCA2F4645DB00C0A12D /* FactoryKit */; };
		18234CCD2F4645DB00C0A12D /* FactoryTesting in Frameworks */ = {isa = PBXBuildFile; productRef = 18234CCC2F4645DB00C0A12D /* FactoryTesting */; };
		189E39012F463C380013FCC3 /* RealityKitContent in Frameworks */ = {isa = PBXBuildFile; productRef = 189E39002F463C380013FCC3 /* RealityKitContent */; };
		18F081EE2F48B494007F0DB8 /* Equatable in Frameworks */ = {isa = PBXBuildFile; productRef = 18F081ED2F48B494007F0DB8 /* Equatable */; };
/* End PBXBuildFile section */

/* Begin PBXContainerItemProxy section */
		189E390E2F463C390013FCC3 /* PBXContainerItemProxy */ = {
			isa = PBXContainerItemProxy;
			containerPortal = 189E38F32F463C380013FCC3 /* Project object */;
			proxyType = 1;
			remoteGlobalIDString = 189E38FA2F463C380013FCC3;
			remoteInfo = Museum;
		};
/* End PBXContainerItemProxy section */

/* Begin PBXFileReference section */
		182BCA7D2F464CD100BC4BDD /* Museum.xctestplan */ = {isa = PBXFileReference; lastKnownFileType = text; path = Museum.xctestplan; sourceTree = "<group>"; };
		189E38FB2F463C380013FCC3 /* Museum.app */ = {isa = PBXFileReference; explicitFileType = wrapper.application; includeInIndex = 0; path = Museum.app; sourceTree = BUILT_PRODUCTS_DIR; };
		189E38FF2F463C380013FCC3 /* RealityKitContent */ = {isa = PBXFileReference; lastKnownFileType = wrapper; path = RealityKitContent; sourceTree = "<group>"; };
		189E390D2F463C390013FCC3 /* MuseumTests.xctest */ = {isa = PBXFileReference; explicitFileType = wrapper.cfbundle; includeInIndex = 0; path = MuseumTests.xctest; sourceTree = BUILT_PRODUCTS_DIR; };
/* End PBXFileReference section */

/* Begin PBXFileSystemSynchronizedBuildFileExceptionSet section */
		189E39132F463C390013FCC3 /* Exceptions for "Museum" folder in "Museum" target */ = {
			isa = PBXFileSystemSynchronizedBuildFileExceptionSet;
			membershipExceptions = (
				Info.plist,
			);
			target = 189E38FA2F463C380013FCC3 /* Museum */;
		};
/* End PBXFileSystemSynchronizedBuildFileExceptionSet section */

/* Begin PBXFileSystemSynchronizedRootGroup section */
		189E38FD2F463C380013FCC3 /* Museum */ = {
			isa = PBXFileSystemSynchronizedRootGroup;
			exceptions = (
				189E39132F463C390013FCC3 /* Exceptions for "Museum" folder in "Museum" target */,
			);
			path = Museum;
			sourceTree = "<group>";
		};
		189E39102F463C390013FCC3 /* MuseumTests */ = {
			isa = PBXFileSystemSynchronizedRootGroup;
			path = MuseumTests;
			sourceTree = "<group>";
		};
/* End PBXFileSystemSynchronizedRootGroup section */

/* Begin PBXFrameworksBuildPhase section */
		189E38F82F463C380013FCC3 /* Frameworks */ = {
			isa = PBXFrameworksBuildPhase;
			buildActionMask = 2147483647;
			files = (
				18F081EE2F48B494007F0DB8 /* Equatable in Frameworks */,
				18234CCB2F4645DB00C0A12D /* FactoryKit in Frameworks */,
				189E39012F463C380013FCC3 /* RealityKitContent in Frameworks */,
			);
			runOnlyForDeploymentPostprocessing = 0;
		};
		189E390A2F463C390013FCC3 /* Frameworks */ = {
			isa = PBXFrameworksBuildPhase;
			buildActionMask = 2147483647;
			files = (
				18234CCD2F4645DB00C0A12D /* FactoryTesting in Frameworks */,
			);
			runOnlyForDeploymentPostprocessing = 0;
		};
/* End PBXFrameworksBuildPhase section */

/* Begin PBXGroup section */
		189E38F22F463C380013FCC3 = {
			isa = PBXGroup;
			children = (
				182BCA7D2F464CD100BC4BDD /* Museum.xctestplan */,
				189E38FD2F463C380013FCC3 /* Museum */,
				189E38FE2F463C380013FCC3 /* Packages */,
				189E39102F463C390013FCC3 /* MuseumTests */,
				189E38FC2F463C380013FCC3 /* Products */,
			);
			sourceTree = "<group>";
		};
		189E38FC2F463C380013FCC3 /* Products */ = {
			isa = PBXGroup;
			children = (
				189E38FB2F463C380013FCC3 /* Museum.app */,
				189E390D2F463C390013FCC3 /* MuseumTests.xctest */,
			);
			name = Products;
			sourceTree = "<group>";
		};
		189E38FE2F463C380013FCC3 /* Packages */ = {
			isa = PBXGroup;
			children = (
				189E38FF2F463C380013FCC3 /* RealityKitContent */,
			);
			path = Packages;
			sourceTree = "<group>";
		};
/* End PBXGroup section */

/* Begin PBXNativeTarget section */
		189E38FA2F463C380013FCC3 /* Museum */ = {
			isa = PBXNativeTarget;
			buildConfigurationList = 189E39142F463C390013FCC3 /* Build configuration list for PBXNativeTarget "Museum" */;
			buildPhases = (
				189E38F72F463C380013FCC3 /* Sources */,
				189E38F82F463C380013FCC3 /* Frameworks */,
				189E38F92F463C380013FCC3 /* Resources */,
			);
			buildRules = (
			);
			dependencies = (
			);
			fileSystemSynchronizedGroups = (
				189E38FD2F463C380013FCC3 /* Museum */,
			);
			name = Museum;
			packageProductDependencies = (
				189E39002F463C380013FCC3 /* RealityKitContent */,
				18234CCA2F4645DB00C0A12D /* FactoryKit */,
				18F081ED2F48B494007F0DB8 /* Equatable */,
			);
			productName = Museum;
			productReference = 189E38FB2F463C380013FCC3 /* Museum.app */;
			productType = "com.apple.product-type.application";
		};
		189E390C2F463C390013FCC3 /* MuseumTests */ = {
			isa = PBXNativeTarget;
			buildConfigurationList = 189E39192F463C3A0013FCC3 /* Build configuration list for PBXNativeTarget "MuseumTests" */;
			buildPhases = (
				189E39092F463C390013FCC3 /* Sources */,
				189E390A2F463C390013FCC3 /* Frameworks */,
				189E390B2F463C390013FCC3 /* Resources */,
			);
			buildRules = (
			);
			dependencies = (
				189E390F2F463C390013FCC3 /* PBXTargetDependency */,
			);
			fileSystemSynchronizedGroups = (
				189E39102F463C390013FCC3 /* MuseumTests */,
			);
			name = MuseumTests;
			packageProductDependencies = (
				18234CCC2F4645DB00C0A12D /* FactoryTesting */,
			);
			productName = MuseumTests;
			productReference = 189E390D2F463C390013FCC3 /* MuseumTests.xctest */;
			productType = "com.apple.product-type.bundle.unit-test";
		};
/* End PBXNativeTarget section */

/* Begin PBXProject section */
		189E38F32F463C380013FCC3 /* Project object */ = {
			isa = PBXProject;
			attributes = {
				BuildIndependentTargetsInParallel = 1;
				LastSwiftUpdateCheck = 2620;
				LastUpgradeCheck = 2620;
				TargetAttributes = {
					189E38FA2F463C380013FCC3 = {
						CreatedOnToolsVersion = 26.2;
					};
					189E390C2F463C390013FCC3 = {
						CreatedOnToolsVersion = 26.2;
						TestTargetID = 189E38FA2F463C380013FCC3;
					};
				};
			};
			buildConfigurationList = 189E38F62F463C380013FCC3 /* Build configuration list for PBXProject "Museum" */;
			developmentRegion = en;
			hasScannedForEncodings = 0;
			knownRegions = (
				en,
				Base,
			);
			mainGroup = 189E38F22F463C380013FCC3;
			minimizedProjectReferenceProxies = 1;
			packageReferences = (
				18234CC92F4645DB00C0A12D /* XCRemoteSwiftPackageReference "Factory" */,
				18F081EC2F48B494007F0DB8 /* XCRemoteSwiftPackageReference "equatable" */,
			);
			preferredProjectObjectVersion = 77;
			productRefGroup = 189E38FC2F463C380013FCC3 /* Products */;
			projectDirPath = "";
			projectRoot = "";
			targets = (
				189E38FA2F463C380013FCC3 /* Museum */,
				189E390C2F463C390013FCC3 /* MuseumTests */,
			);
		};
/* End PBXProject section */

/* Begin PBXResourcesBuildPhase section */
		189E38F92F463C380013FCC3 /* Resources */ = {
			isa = PBXResourcesBuildPhase;
			buildActionMask = 2147483647;
			files = (
			);
			runOnlyForDeploymentPostprocessing = 0;
		};
		189E390B2F463C390013FCC3 /* Resources */ = {
			isa = PBXResourcesBuildPhase;
			buildActionMask = 2147483647;
			files = (
			);
			runOnlyForDeploymentPostprocessing = 0;
		};
/* End PBXResourcesBuildPhase section */

/* Begin PBXSourcesBuildPhase section */
		189E38F72F463C380013FCC3 /* Sources */ = {
			isa = PBXSourcesBuildPhase;
			buildActionMask = 2147483647;
			files = (
			);
			runOnlyForDeploymentPostprocessing = 0;
		};
		189E39092F463C390013FCC3 /* Sources */ = {
			isa = PBXSourcesBuildPhase;
			buildActionMask = 2147483647;
			files = (
			);
			runOnlyForDeploymentPostprocessing = 0;
		};
/* End PBXSourcesBuildPhase section */

/* Begin PBXTargetDependency section */
		189E390F2F463C390013FCC3 /* PBXTargetDependency */ = {
			isa = PBXTargetDependency;
			target = 189E38FA2F463C380013FCC3 /* Museum */;
			targetProxy = 189E390E2F463C390013FCC3 /* PBXContainerItemProxy */;
		};
/* End PBXTargetDependency section */

/* Begin XCBuildConfiguration section */
		189E39152F463C390013FCC3 /* Debug */ = {
			isa = XCBuildConfiguration;
			buildSettings = {
				ASSETCATALOG_COMPILER_APPICON_NAME = AppIcon;
				ASSETCATALOG_COMPILER_GLOBAL_ACCENT_COLOR_NAME = AccentColor;
				CODE_SIGN_STYLE = Automatic;
				CURRENT_PROJECT_VERSION = 1;
				DEVELOPMENT_TEAM = 4P23Y3864T;
				ENABLE_PREVIEWS = YES;
				GENERATE_INFOPLIST_FILE = YES;
				INFOPLIST_FILE = "$(TARGET_NAME)/Info.plist";
				LD_RUNPATH_SEARCH_PATHS = (
					"$(inherited)",
					"@executable_path/Frameworks",
				);
				MARKETING_VERSION = 1.0;
				PRODUCT_BUNDLE_IDENTIFIER = com.vitorcesco.Museum;
				PRODUCT_NAME = "$(TARGET_NAME)";
				STRING_CATALOG_GENERATE_SYMBOLS = YES;
				SUPPORTED_PLATFORMS = "xros xrsimulator";
				SWIFT_APPROACHABLE_CONCURRENCY = YES;
				SWIFT_DEFAULT_ACTOR_ISOLATION = MainActor;
				SWIFT_EMIT_LOC_STRINGS = YES;
				SWIFT_UPCOMING_FEATURE_MEMBER_IMPORT_VISIBILITY = YES;
				SWIFT_VERSION = 5.0;
				TARGETED_DEVICE_FAMILY = 7;
			};
			name = Debug;
		};
		189E39162F463C390013FCC3 /* Release */ = {
			isa = XCBuildConfiguration;
			buildSettings = {
				ASSETCATALOG_COMPILER_APPICON_NAME = AppIcon;
				ASSETCATALOG_COMPILER_GLOBAL_ACCENT_COLOR_NAME = AccentColor;
				CODE_SIGN_STYLE = Automatic;
				CURRENT_PROJECT_VERSION = 1;
				DEVELOPMENT_TEAM = 4P23Y3864T;
				ENABLE_PREVIEWS = YES;
				GENERATE_INFOPLIST_FILE = YES;
				INFOPLIST_FILE = "$(TARGET_NAME)/Info.plist";
				LD_RUNPATH_SEARCH_PATHS = (
					"$(inherited)",
					"@executable_path/Frameworks",
				);
				MARKETING_VERSION = 1.0;
				PRODUCT_BUNDLE_IDENTIFIER = com.vitorcesco.Museum;
				PRODUCT_NAME = "$(TARGET_NAME)";
				STRING_CATALOG_GENERATE_SYMBOLS = YES;
				SUPPORTED_PLATFORMS = "xros xrsimulator";
				SWIFT_APPROACHABLE_CONCURRENCY = YES;
				SWIFT_DEFAULT_ACTOR_ISOLATION = MainActor;
				SWIFT_EMIT_LOC_STRINGS = YES;
				SWIFT_UPCOMING_FEATURE_MEMBER_IMPORT_VISIBILITY = YES;
				SWIFT_VERSION = 5.0;
				TARGETED_DEVICE_FAMILY = 7;
			};
			name = Release;
		};
		189E39172F463C390013FCC3 /* Debug */ = {
			isa = XCBuildConfiguration;
			buildSettings = {
				ALWAYS_SEARCH_USER_PATHS = NO;
				ASSETCATALOG_COMPILER_GENERATE_SWIFT_ASSET_SYMBOL_EXTENSIONS = YES;
				CLANG_ANALYZER_NONNULL = YES;
				CLANG_ANALYZER_NUMBER_OBJECT_CONVERSION = YES_AGGRESSIVE;
				CLANG_CXX_LANGUAGE_STANDARD = "gnu++20";
				CLANG_ENABLE_MODULES = YES;
				CLANG_ENABLE_OBJC_ARC = YES;
				CLANG_ENABLE_OBJC_WEAK = YES;
				CLANG_WARN_BLOCK_CAPTURE_AUTORELEASING = YES;
				CLANG_WARN_BOOL_CONVERSION = YES;
				CLANG_WARN_COMMA = YES;
				CLANG_WARN_CONSTANT_CONVERSION = YES;
				CLANG_WARN_DEPRECATED_OBJC_IMPLEMENTATIONS = YES;
				CLANG_WARN_DIRECT_OBJC_ISA_USAGE = YES_ERROR;
				CLANG_WARN_DOCUMENTATION_COMMENTS = YES;
				CLANG_WARN_EMPTY_BODY = YES;
				CLANG_WARN_ENUM_CONVERSION = YES;
				CLANG_WARN_INFINITE_RECURSION = YES;
				CLANG_WARN_INT_CONVERSION = YES;
				CLANG_WARN_NON_LITERAL_NULL_CONVERSION = YES;
				CLANG_WARN_OBJC_IMPLICIT_RETAIN_SELF = YES;
				CLANG_WARN_OBJC_LITERAL_CONVERSION = YES;
				CLANG_WARN_OBJC_ROOT_CLASS = YES_ERROR;
				CLANG_WARN_QUOTED_INCLUDE_IN_FRAMEWORK_HEADER = YES;
				CLANG_WARN_RANGE_LOOP_ANALYSIS = YES;
				CLANG_WARN_STRICT_PROTOTYPES = YES;
				CLANG_WARN_SUSPICIOUS_MOVE = YES;
				CLANG_WARN_UNGUARDED_AVAILABILITY = YES_AGGRESSIVE;
				CLANG_WARN_UNREACHABLE_CODE = YES;
				CLANG_WARN__DUPLICATE_METHOD_MATCH = YES;
				COPY_PHASE_STRIP = NO;
				DEBUG_INFORMATION_FORMAT = dwarf;
				DEVELOPMENT_TEAM = 4P23Y3864T;
				ENABLE_STRICT_OBJC_MSGSEND = YES;
				ENABLE_TESTABILITY = YES;
				ENABLE_USER_SCRIPT_SANDBOXING = YES;
				GCC_C_LANGUAGE_STANDARD = gnu17;
				GCC_DYNAMIC_NO_PIC = NO;
				GCC_NO_COMMON_BLOCKS = YES;
				GCC_OPTIMIZATION_LEVEL = 0;
				GCC_PREPROCESSOR_DEFINITIONS = (
					"DEBUG=1",
					"$(inherited)",
				);
				GCC_WARN_64_TO_32_BIT_CONVERSION = YES;
				GCC_WARN_ABOUT_RETURN_TYPE = YES_ERROR;
				GCC_WARN_UNDECLARED_SELECTOR = YES;
				GCC_WARN_UNINITIALIZED_AUTOS = YES_AGGRESSIVE;
				GCC_WARN_UNUSED_FUNCTION = YES;
				GCC_WARN_UNUSED_VARIABLE = YES;
				LOCALIZATION_PREFERS_STRING_CATALOGS = YES;
				MTL_ENABLE_DEBUG_INFO = INCLUDE_SOURCE;
				MTL_FAST_MATH = YES;
				ONLY_ACTIVE_ARCH = YES;
				SDKROOT = xros;
				SWIFT_ACTIVE_COMPILATION_CONDITIONS = "DEBUG $(inherited)";
				SWIFT_OPTIMIZATION_LEVEL = "-Onone";
				XROS_DEPLOYMENT_TARGET = 26.2;
			};
			name = Debug;
		};
		189E39182F463C390013FCC3 /* Release */ = {
			isa = XCBuildConfiguration;
			buildSettings = {
				ALWAYS_SEARCH_USER_PATHS = NO;
				ASSETCATALOG_COMPILER_GENERATE_SWIFT_ASSET_SYMBOL_EXTENSIONS = YES;
				CLANG_ANALYZER_NONNULL = YES;
				CLANG_ANALYZER_NUMBER_OBJECT_CONVERSION = YES_AGGRESSIVE;
				CLANG_CXX_LANGUAGE_STANDARD = "gnu++20";
				CLANG_ENABLE_MODULES = YES;
				CLANG_ENABLE_OBJC_ARC = YES;
				CLANG_ENABLE_OBJC_WEAK = YES;
				CLANG_WARN_BLOCK_CAPTURE_AUTORELEASING = YES;
				CLANG_WARN_BOOL_CONVERSION = YES;
				CLANG_WARN_COMMA = YES;
				CLANG_WARN_CONSTANT_CONVERSION = YES;
				CLANG_WARN_DEPRECATED_OBJC_IMPLEMENTATIONS = YES;
				CLANG_WARN_DIRECT_OBJC_ISA_USAGE = YES_ERROR;
				CLANG_WARN_DOCUMENTATION_COMMENTS = YES;
				CLANG_WARN_EMPTY_BODY = YES;
				CLANG_WARN_ENUM_CONVERSION = YES;
				CLANG_WARN_INFINITE_RECURSION = YES;
				CLANG_WARN_INT_CONVERSION = YES;
				CLANG_WARN_NON_LITERAL_NULL_CONVERSION = YES;
				CLANG_WARN_OBJC_IMPLICIT_RETAIN_SELF = YES;
				CLANG_WARN_OBJC_LITERAL_CONVERSION = YES;
				CLANG_WARN_OBJC_ROOT_CLASS = YES_ERROR;
				CLANG_WARN_QUOTED_INCLUDE_IN_FRAMEWORK_HEADER = YES;
				CLANG_WARN_RANGE_LOOP_ANALYSIS = YES;
				CLANG_WARN_STRICT_PROTOTYPES = YES;
				CLANG_WARN_SUSPICIOUS_MOVE = YES;
				CLANG_WARN_UNGUARDED_AVAILABILITY = YES_AGGRESSIVE;
				CLANG_WARN_UNREACHABLE_CODE = YES;
				CLANG_WARN__DUPLICATE_METHOD_MATCH = YES;
				COPY_PHASE_STRIP = NO;
				DEBUG_INFORMATION_FORMAT = "dwarf-with-dsym";
				DEVELOPMENT_TEAM = 4P23Y3864T;
				ENABLE_NS_ASSERTIONS = NO;
				ENABLE_STRICT_OBJC_MSGSEND = YES;
				ENABLE_USER_SCRIPT_SANDBOXING = YES;
				GCC_C_LANGUAGE_STANDARD = gnu17;
				GCC_NO_COMMON_BLOCKS = YES;
				GCC_WARN_64_TO_32_BIT_CONVERSION = YES;
				GCC_WARN_ABOUT_RETURN_TYPE = YES_ERROR;
				GCC_WARN_UNDECLARED_SELECTOR = YES;
				GCC_WARN_UNINITIALIZED_AUTOS = YES_AGGRESSIVE;
				GCC_WARN_UNUSED_FUNCTION = YES;
				GCC_WARN_UNUSED_VARIABLE = YES;
				LOCALIZATION_PREFERS_STRING_CATALOGS = YES;
				MTL_ENABLE_DEBUG_INFO = NO;
				MTL_FAST_MATH = YES;
				SDKROOT = xros;
				SWIFT_COMPILATION_MODE = wholemodule;
				VALIDATE_PRODUCT = YES;
				XROS_DEPLOYMENT_TARGET = 26.2;
			};
			name = Release;
		};
		189E391A2F463C3A0013FCC3 /* Debug */ = {
			isa = XCBuildConfiguration;
			buildSettings = {
				BUNDLE_LOADER = "$(TEST_HOST)";
				CODE_SIGN_STYLE = Automatic;
				CURRENT_PROJECT_VERSION = 1;
				DEVELOPMENT_TEAM = 4P23Y3864T;
				GENERATE_INFOPLIST_FILE = YES;
				MARKETING_VERSION = 1.0;
				PRODUCT_BUNDLE_IDENTIFIER = com.vitorcesco.MuseumTests;
				PRODUCT_NAME = "$(TARGET_NAME)";
				STRING_CATALOG_GENERATE_SYMBOLS = NO;
				SUPPORTED_PLATFORMS = "xros xrsimulator";
				SWIFT_APPROACHABLE_CONCURRENCY = YES;
				SWIFT_EMIT_LOC_STRINGS = NO;
				SWIFT_UPCOMING_FEATURE_MEMBER_IMPORT_VISIBILITY = YES;
				SWIFT_VERSION = 5.0;
				TARGETED_DEVICE_FAMILY = 7;
				TEST_HOST = "$(BUILT_PRODUCTS_DIR)/Museum.app/$(BUNDLE_EXECUTABLE_FOLDER_PATH)/Museum";
				XROS_DEPLOYMENT_TARGET = 26.2;
			};
			name = Debug;
		};
		189E391B2F463C3A0013FCC3 /* Release */ = {
			isa = XCBuildConfiguration;
			buildSettings = {
				BUNDLE_LOADER = "$(TEST_HOST)";
				CODE_SIGN_STYLE = Automatic;
				CURRENT_PROJECT_VERSION = 1;
				DEVELOPMENT_TEAM = 4P23Y3864T;
				GENERATE_INFOPLIST_FILE = YES;
				MARKETING_VERSION = 1.0;
				PRODUCT_BUNDLE_IDENTIFIER = com.vitorcesco.MuseumTests;
				PRODUCT_NAME = "$(TARGET_NAME)";
				STRING_CATALOG_GENERATE_SYMBOLS = NO;
				SUPPORTED_PLATFORMS = "xros xrsimulator";
				SWIFT_APPROACHABLE_CONCURRENCY = YES;
				SWIFT_EMIT_LOC_STRINGS = NO;
				SWIFT_UPCOMING_FEATURE_MEMBER_IMPORT_VISIBILITY = YES;
				SWIFT_VERSION = 5.0;
				TARGETED_DEVICE_FAMILY = 7;
				TEST_HOST = "$(BUILT_PRODUCTS_DIR)/Museum.app/$(BUNDLE_EXECUTABLE_FOLDER_PATH)/Museum";
				XROS_DEPLOYMENT_TARGET = 26.2;
			};
			name = Release;
		};
/* End XCBuildConfiguration section */

/* Begin XCConfigurationList section */
		189E38F62F463C380013FCC3 /* Build configuration list for PBXProject "Museum" */ = {
			isa = XCConfigurationList;
			buildConfigurations = (
				189E39172F463C390013FCC3 /* Debug */,
				189E39182F463C390013FCC3 /* Release */,
			);
			defaultConfigurationIsVisible = 0;
			defaultConfigurationName = Release;
		};
		189E39142F463C390013FCC3 /* Build configuration list for PBXNativeTarget "Museum" */ = {
			isa = XCConfigurationList;
			buildConfigurations = (
				189E39152F463C390013FCC3 /* Debug */,
				189E39162F463C390013FCC3 /* Release */,
			);
			defaultConfigurationIsVisible = 0;
			defaultConfigurationName = Release;
		};
		189E39192F463C3A0013FCC3 /* Build configuration list for PBXNativeTarget "MuseumTests" */ = {
			isa = XCConfigurationList;
			buildConfigurations = (
				189E391A2F463C3A0013FCC3 /* Debug */,
				189E391B2F463C3A0013FCC3 /* Release */,
			);
			defaultConfigurationIsVisible = 0;
			defaultConfigurationName = Release;
		};
/* End XCConfigurationList section */

/* Begin XCRemoteSwiftPackageReference section */
		18234CC92F4645DB00C0A12D /* XCRemoteSwiftPackageReference "Factory" */ = {
			isa = XCRemoteSwiftPackageReference;
			repositoryURL = "https://github.com/hmlongco/Factory";
			requirement = {
				kind = upToNextMajorVersion;
				minimumVersion = 2.5.3;
			};
		};
		18F081EC2F48B494007F0DB8 /* XCRemoteSwiftPackageReference "equatable" */ = {
			isa = XCRemoteSwiftPackageReference;
			repositoryURL = "https://github.com/ordo-one/equatable";
			requirement = {
				kind = upToNextMajorVersion;
				minimumVersion = 1.2.0;
			};
		};
/* End XCRemoteSwiftPackageReference section */

/* Begin XCSwiftPackageProductDependency section */
		18234CCA2F4645DB00C0A12D /* FactoryKit */ = {
			isa = XCSwiftPackageProductDependency;
			package = 18234CC92F4645DB00C0A12D /* XCRemoteSwiftPackageReference "Factory" */;
			productName = FactoryKit;
		};
		18234CCC2F4645DB00C0A12D /* FactoryTesting */ = {
			isa = XCSwiftPackageProductDependency;
			package = 18234CC92F4645DB00C0A12D /* XCRemoteSwiftPackageReference "Factory" */;
			productName = FactoryTesting;
		};
		189E39002F463C380013FCC3 /* RealityKitContent */ = {
			isa = XCSwiftPackageProductDependency;
			productName = RealityKitContent;
		};
		18F081ED2F48B494007F0DB8 /* Equatable */ = {
			isa = XCSwiftPackageProductDependency;
			package = 18F081EC2F48B494007F0DB8 /* XCRemoteSwiftPackageReference "equatable" */;
			productName = Equatable;
		};
/* End XCSwiftPackageProductDependency section */
	};
	rootObject = 189E38F32F463C380013FCC3 /* Project object */;
}
